
Microsoft Visual Studio Solution File, Format Version 12.00
# Visual Studio 15
VisualStudioVersion = 15.0.26730.16
MinimumVisualStudioVersion = 10.0.40219.1
Project("{FAE04EC0-301F-11D3-BF4B-00C04F79EFBC}") = "PH.Web", "PH.Web\PH.Web.csproj", "{CBEC4B17-DE94-449B-98A2-0D8F06DAFFEB}"
EndProject
Project("{FAE04EC0-301F-11D3-BF4B-00C04F79EFBC}") = "PH.Data", "PH.Data\PH.Data.csproj", "{D561285B-D7CB-445E-AED4-07EB91384975}"
EndProject
Project("{FAE04EC0-301F-11D3-BF4B-00C04F79EFBC}") = "PH.Win", "PH.Win\PH.Win.csproj", "{7E67BA71-D3F2-4DA9-817D-DF236ED2773B}"
EndProject
Project("{FAE04EC0-301F-11D3-BF4B-00C04F79EFBC}") = "PH.Config", "PH.Config\PH.Config.csproj", "{534E089D-7514-47AB-93B8-8F377F3A0694}"
EndProject
Project("{FAE04EC0-301F-11D3-BF4B-00C04F79EFBC}") = "PH.Helpers", "PH.Helpers\PH.Helpers.csproj", "{A651CFAF-452E-44CC-8C68-CEAB102613E3}"
EndProject
Global
	GlobalSection(SolutionConfigurationPlatforms) = preSolution
		Debug|Any CPU = Debug|Any CPU
		Release|Any CPU = Release|Any CPU
	EndGlobalSection
	GlobalSection(ProjectConfigurationPlatforms) = postSolution
		{CBEC4B17-DE94-449B-98A2-0D8F06DAFFEB}.Debug|Any CPU.ActiveCfg = Debug|Any CPU
		{CBEC4B17-DE94-449B-98A2-0D8F06DAFFEB}.Debug|Any CPU.Build.0 = Debug|Any CPU
		{CBEC4B17-DE94-449B-98A2-0D8F06DAFFEB}.Release|Any CPU.ActiveCfg = Release|Any CPU
		{CBEC4B17-DE94-449B-98A2-0D8F06DAFFEB}.Release|Any CPU.Build.0 = Release|Any CPU
		{D561285B-D7CB-445E-AED4-07EB91384975}.Debug|Any CPU.ActiveCfg = Debug|Any CPU
		{D561285B-D7CB-445E-AED4-07EB91384975}.Debug|Any CPU.Build.0 = Debug|Any CPU
		{D561285B-D7CB-445E-AED4-07EB91384975}.Release|Any CPU.ActiveCfg = Release|Any CPU
		{D561285B-D7CB-445E-AED4-07EB91384975}.Release|Any CPU.Build.0 = Release|Any CPU
		{7E67BA71-D3F2-4DA9-817D-DF236ED2773B}.Debug|Any CPU.ActiveCfg = Debug|Any CPU
		{7E67BA71-D3F2-4DA9-817D-DF236ED2773B}.Debug|Any CPU.Build.0 = Debug|Any CPU
		{7E67BA71-D3F2-4DA9-817D-DF236ED2773B}.Release|Any CPU.ActiveCfg = Release|Any CPU
		{7E67BA71-D3F2-4DA9-817D-DF236ED2773B}.Release|Any CPU.Build.0 = Release|Any CPU
		{534E089D-7514-47AB-93B8-8F377F3A0694}.Debug|Any CPU.ActiveCfg = Debug|Any CPU
		{534E089D-7514-47AB-93B8-8F377F3A0694}.Debug|Any CPU.Build.0 = Debug|Any CPU
		{534E089D-7514-47AB-93B8-8F377F3A0694}.Release|Any CPU.ActiveCfg = Release|Any CPU
		{534E089D-7514-47AB-93B8-8F377F3A0694}.Release|Any CPU.Build.0 = Release|Any CPU
		{A651CFAF-452E-44CC-8C68-CEAB102613E3}.Debug|Any CPU.ActiveCfg = Debug|Any CPU
		{A651CFAF-452E-44CC-8C68-CEAB102613E3}.Debug|Any CPU.Build.0 = Debug|Any CPU
		{A651CFAF-452E-44CC-8C68-CEAB102613E3}.Release|Any CPU.ActiveCfg = Release|Any CPU
		{A651CFAF-452E-44CC-8C68-CEAB102613E3}.Release|Any CPU.Build.0 = Release|Any CPU
	EndGlobalSection
	GlobalSection(SolutionProperties) = preSolution
		HideSolutionNode = FALSE
	EndGlobalSection
	GlobalSection(ExtensibilityGlobals) = postSolution
		SolutionGuid = {0794F5B6-4391-44F8-B978-A6C590DB92FD}
	EndGlobalSection
EndGlobal
